// !$*UTF8*$!
{
	archiveVersion = 1;
	classes = {
	};
	objectVersion = 46;
	objects = {

/* Begin PBXBuildFile section */
		DA01456E1C3E4C5700C85680 /* AsyncSocket.m in Sources */ = {isa = PBXBuildFile; fileRef = DA01456D1C3E4C5700C85680 /* AsyncSocket.m */; };
		DA258D271C3B6E8E00AED768 /* FriendMessageCell.xib in Resources */ = {isa = PBXBuildFile; fileRef = DA258D211C3B6E8E00AED768 /* FriendMessageCell.xib */; };
		DA258D281C3B6E8E00AED768 /* FriendRecordCell.xib in Resources */ = {isa = PBXBuildFile; fileRef = DA258D221C3B6E8E00AED768 /* FriendRecordCell.xib */; };
		DA258D2A1C3B6E8E00AED768 /* MyMessageCell.xib in Resources */ = {isa = PBXBuildFile; fileRef = DA258D251C3B6E8E00AED768 /* MyMessageCell.xib */; };
		DA258D2B1C3B6E8E00AED768 /* MyRecordCell.xib in Resources */ = {isa = PBXBuildFile; fileRef = DA258D261C3B6E8E00AED768 /* MyRecordCell.xib */; };
		DA258D2F1C3B6F2E00AED768 /* MessageCell.m in Sources */ = {isa = PBXBuildFile; fileRef = DA258D2E1C3B6F2E00AED768 /* MessageCell.m */; };
		DA879C121C4397260044B865 /* MyPhotoCell.xib in Resources */ = {isa = PBXBuildFile; fileRef = DA879C111C4397260044B865 /* MyPhotoCell.xib */; };
		DA879C141C4397350044B865 /* FriendPhotoCell.xib in Resources */ = {isa = PBXBuildFile; fileRef = DA879C131C4397350044B865 /* FriendPhotoCell.xib */; };
		DA9046A21C3A49AA009E75B7 /* Friend+CoreDataProperties.m in Sources */ = {isa = PBXBuildFile; fileRef = DA9046971C3A49AA009E75B7 /* Friend+CoreDataProperties.m */; };
		DA9046A31C3A49AA009E75B7 /* Friend.m in Sources */ = {isa = PBXBuildFile; fileRef = DA9046991C3A49AA009E75B7 /* Friend.m */; };
		DA9046A41C3A49AA009E75B7 /* Message+CoreDataProperties.m in Sources */ = {isa = PBXBuildFile; fileRef = DA90469B1C3A49AA009E75B7 /* Message+CoreDataProperties.m */; };
		DA9046A51C3A49AA009E75B7 /* Message.m in Sources */ = {isa = PBXBuildFile; fileRef = DA90469D1C3A49AA009E75B7 /* Message.m */; };
		DA9046A61C3A49AA009E75B7 /* LastMessage+CoreDataProperties.m in Sources */ = {isa = PBXBuildFile; fileRef = DA90469F1C3A49AA009E75B7 /* LastMessage+CoreDataProperties.m */; };
		DA9046A71C3A49AA009E75B7 /* LastMessage.m in Sources */ = {isa = PBXBuildFile; fileRef = DA9046A11C3A49AA009E75B7 /* LastMessage.m */; };
		DA9046AA1C3A49EB009E75B7 /* DataManager.m in Sources */ = {isa = PBXBuildFile; fileRef = DA9046A91C3A49EB009E75B7 /* DataManager.m */; };
		DA9046B51C3A51A1009E75B7 /* AudioCenter.m in Sources */ = {isa = PBXBuildFile; fileRef = DA9046AE1C3A51A1009E75B7 /* AudioCenter.m */; };
		DA9046B61C3A51A1009E75B7 /* MessageProtocal.m in Sources */ = {isa = PBXBuildFile; fileRef = DA9046B01C3A51A1009E75B7 /* MessageProtocal.m */; };
		DA9046B71C3A51A1009E75B7 /* MyFetchedResultsControllerDelegate.m in Sources */ = {isa = PBXBuildFile; fileRef = DA9046B21C3A51A1009E75B7 /* MyFetchedResultsControllerDelegate.m */; };
		DA9046B81C3A51A1009E75B7 /* Tool.m in Sources */ = {isa = PBXBuildFile; fileRef = DA9046B41C3A51A1009E75B7 /* Tool.m */; };
		DA9046BC1C3A525F009E75B7 /* AsyncUdpSocket.m in Sources */ = {isa = PBXBuildFile; fileRef = DA9046BB1C3A525F009E75B7 /* AsyncUdpSocket.m */; };
		DA9046BF1C3A5601009E75B7 /* 0.png in Resources */ = {isa = PBXBuildFile; fileRef = DA9046BD1C3A5601009E75B7 /* 0.png */; };
		DA9046C01C3A5601009E75B7 /* 1.png in Resources */ = {isa = PBXBuildFile; fileRef = DA9046BE1C3A5601009E75B7 /* 1.png */; };
		DA9046C41C3A663D009E75B7 /* LoginViewController.m in Sources */ = {isa = PBXBuildFile; fileRef = DA9046C31C3A663D009E75B7 /* LoginViewController.m */; };
		DA9046C71C3A6668009E75B7 /* RegisterViewController.m in Sources */ = {isa = PBXBuildFile; fileRef = DA9046C61C3A6668009E75B7 /* RegisterViewController.m */; };
		DA9046CA1C3A668C009E75B7 /* FriendsViewController.m in Sources */ = {isa = PBXBuildFile; fileRef = DA9046C91C3A668C009E75B7 /* FriendsViewController.m */; };
		DA9046CD1C3A6698009E75B7 /* ChatViewController.m in Sources */ = {isa = PBXBuildFile; fileRef = DA9046CC1C3A6698009E75B7 /* ChatViewController.m */; };
		DA95D5971C3A16E6001ED1A6 /* main.m in Sources */ = {isa = PBXBuildFile; fileRef = DA95D5961C3A16E6001ED1A6 /* main.m */; };
		DA95D59A1C3A16E6001ED1A6 /* AppDelegate.m in Sources */ = {isa = PBXBuildFile; fileRef = DA95D5991C3A16E6001ED1A6 /* AppDelegate.m */; };
		DA95D59D1C3A16E6001ED1A6 /* RecentViewController.m in Sources */ = {isa = PBXBuildFile; fileRef = DA95D59C1C3A16E6001ED1A6 /* RecentViewController.m */; };
		DA95D5A01C3A16E6001ED1A6 /* Main.storyboard in Resources */ = {isa = PBXBuildFile; fileRef = DA95D59E1C3A16E6001ED1A6 /* Main.storyboard */; };
		DA95D5A31C3A16E6001ED1A6 /* p2pChat.xcdatamodeld in Sources */ = {isa = PBXBuildFile; fileRef = DA95D5A11C3A16E6001ED1A6 /* p2pChat.xcdatamodeld */; };
		DA95D5A51C3A16E6001ED1A6 /* Assets.xcassets in Resources */ = {isa = PBXBuildFile; fileRef = DA95D5A41C3A16E6001ED1A6 /* Assets.xcassets */; };
		DA95D5A81C3A16E6001ED1A6 /* LaunchScreen.storyboard in Resources */ = {isa = PBXBuildFile; fileRef = DA95D5A61C3A16E6001ED1A6 /* LaunchScreen.storyboard */; };
		DA95D5B31C3A16E6001ED1A6 /* p2pChatTests.m in Sources */ = {isa = PBXBuildFile; fileRef = DA95D5B21C3A16E6001ED1A6 /* p2pChatTests.m */; };
		DA95D5BE1C3A16E6001ED1A6 /* p2pChatUITests.m in Sources */ = {isa = PBXBuildFile; fileRef = DA95D5BD1C3A16E6001ED1A6 /* p2pChatUITests.m */; };
		DAA3FDAA1C4647E600034F44 /* P2PUdpSocket.m in Sources */ = {isa = PBXBuildFile; fileRef = DAA3FDA91C4647E600034F44 /* P2PUdpSocket.m */; };
		DAA3FDB01C465CFB00034F44 /* P2PTcpSocket.m in Sources */ = {isa = PBXBuildFile; fileRef = DAA3FDAF1C465CFB00034F44 /* P2PTcpSocket.m */; };
		DAA67E3E1C3FACD50037C105 /* MessageQueueManager.m in Sources */ = {isa = PBXBuildFile; fileRef = DAA67E3D1C3FACD50037C105 /* MessageQueueManager.m */; };
		DAD235021C424CEE003A93F9 /* MoreView.xib in Resources */ = {isa = PBXBuildFile; fileRef = DAD235011C424CEE003A93F9 /* MoreView.xib */; };
		DAD235051C424D05003A93F9 /* MoreView.m in Sources */ = {isa = PBXBuildFile; fileRef = DAD235041C424D05003A93F9 /* MoreView.m */; };
		DAD235091C425347003A93F9 /* RecordView.m in Sources */ = {isa = PBXBuildFile; fileRef = DAD235081C425347003A93F9 /* RecordView.m */; };
		DAD2350B1C425355003A93F9 /* RecordView.xib in Resources */ = {isa = PBXBuildFile; fileRef = DAD2350A1C425355003A93F9 /* RecordView.xib */; };
/* End PBXBuildFile section */

/* Begin PBXContainerItemProxy section */
		DA95D5AF1C3A16E6001ED1A6 /* PBXContainerItemProxy */ = {
			isa = PBXContainerItemProxy;
			containerPortal = DA95D58A1C3A16E6001ED1A6 /* Project object */;
			proxyType = 1;
			remoteGlobalIDString = DA95D5911C3A16E6001ED1A6;
			remoteInfo = p2pChat;
		};
		DA95D5BA1C3A16E6001ED1A6 /* PBXContainerItemProxy */ = {
			isa = PBXContainerItemProxy;
			containerPortal = DA95D58A1C3A16E6001ED1A6 /* Project object */;
			proxyType = 1;
			remoteGlobalIDString = DA95D5911C3A16E6001ED1A6;
			remoteInfo = p2pChat;
		};
/* End PBXContainerItemProxy section */

/* Begin PBXFileReference section */
		DA01456C1C3E4C5700C85680 /* AsyncSocket.h */ = {isa = PBXFileReference; fileEncoding = 4; lastKnownFileType = sourcecode.c.h; name = AsyncSocket.h; path = framework/AsyncSocket.h; sourceTree = "<group>"; };
		DA01456D1C3E4C5700C85680 /* AsyncSocket.m */ = {isa = PBXFileReference; fileEncoding = 4; lastKnownFileType = sourcecode.c.objc; name = AsyncSocket.m; path = framework/AsyncSocket.m; sourceTree = "<group>"; };
		DA258D211C3B6E8E00AED768 /* FriendMessageCell.xib */ = {isa = PBXFileReference; fileEncoding = 4; lastKnownFileType = file.xib; name = FriendMessageCell.xib; path = cells/FriendMessageCell.xib; sourceTree = "<group>"; };
		DA258D221C3B6E8E00AED768 /* FriendRecordCell.xib */ = {isa = PBXFileReference; fileEncoding = 4; lastKnownFileType = file.xib; name = FriendRecordCell.xib; path = cells/FriendRecordCell.xib; sourceTree = "<group>"; };
		DA258D251C3B6E8E00AED768 /* MyMessageCell.xib */ = {isa = PBXFileReference; fileEncoding = 4; lastKnownFileType = file.xib; name = MyMessageCell.xib; path = cells/MyMessageCell.xib; sourceTree = "<group>"; };
		DA258D261C3B6E8E00AED768 /* MyRecordCell.xib */ = {isa = PBXFileReference; fileEncoding = 4; lastKnownFileType = file.xib; name = MyRecordCell.xib; path = cells/MyRecordCell.xib; sourceTree = "<group>"; };
		DA258D2D1C3B6F2E00AED768 /* MessageCell.h */ = {isa = PBXFileReference; fileEncoding = 4; lastKnownFileType = sourcecode.c.h; name = MessageCell.h; path = cells/MessageCell.h; sourceTree = "<group>"; };
		DA258D2E1C3B6F2E00AED768 /* MessageCell.m */ = {isa = PBXFileReference; fileEncoding = 4; lastKnownFileType = sourcecode.c.objc; name = MessageCell.m; path = cells/MessageCell.m; sourceTree = "<group>"; };
		DA879C111C4397260044B865 /* MyPhotoCell.xib */ = {isa = PBXFileReference; fileEncoding = 4; lastKnownFileType = file.xib; path = MyPhotoCell.xib; sourceTree = "<group>"; };
		DA879C131C4397350044B865 /* FriendPhotoCell.xib */ = {isa = PBXFileReference; fileEncoding = 4; lastKnownFileType = file.xib; path = FriendPhotoCell.xib; sourceTree = "<group>"; };
		DA9046961C3A49AA009E75B7 /* Friend+CoreDataProperties.h */ = {isa = PBXFileReference; fileEncoding = 4; lastKnownFileType = sourcecode.c.h; name = "Friend+CoreDataProperties.h"; path = "dataStorage/Friend+CoreDataProperties.h"; sourceTree = "<group>"; };
		DA9046971C3A49AA009E75B7 /* Friend+CoreDataProperties.m */ = {isa = PBXFileReference; fileEncoding = 4; lastKnownFileType = sourcecode.c.objc; name = "Friend+CoreDataProperties.m"; path = "dataStorage/Friend+CoreDataProperties.m"; sourceTree = "<group>"; };
		DA9046981C3A49AA009E75B7 /* Friend.h */ = {isa = PBXFileReference; fileEncoding = 4; lastKnownFileType = sourcecode.c.h; name = Friend.h; path = dataStorage/Friend.h; sourceTree = "<group>"; };
		DA9046991C3A49AA009E75B7 /* Friend.m */ = {isa = PBXFileReference; fileEncoding = 4; lastKnownFileType = sourcecode.c.objc; name = Friend.m; path = dataStorage/Friend.m; sourceTree = "<group>"; };
		DA90469A1C3A49AA009E75B7 /* Message+CoreDataProperties.h */ = {isa = PBXFileReference; fileEncoding = 4; lastKnownFileType = sourcecode.c.h; name = "Message+CoreDataProperties.h"; path = "dataStorage/Message+CoreDataProperties.h"; sourceTree = "<group>"; };
		DA90469B1C3A49AA009E75B7 /* Message+CoreDataProperties.m */ = {isa = PBXFileReference; fileEncoding = 4; lastKnownFileType = sourcecode.c.objc; name = "Message+CoreDataProperties.m"; path = "dataStorage/Message+CoreDataProperties.m"; sourceTree = "<group>"; };
		DA90469C1C3A49AA009E75B7 /* Message.h */ = {isa = PBXFileReference; fileEncoding = 4; lastKnownFileType = sourcecode.c.h; name = Message.h; path = dataStorage/Message.h; sourceTree = "<group>"; };
		DA90469D1C3A49AA009E75B7 /* Message.m */ = {isa = PBXFileReference; fileEncoding = 4; lastKnownFileType = sourcecode.c.objc; name = Message.m; path = dataStorage/Message.m; sourceTree = "<group>"; };
		DA90469E1C3A49AA009E75B7 /* LastMessage+CoreDataProperties.h */ = {isa = PBXFileReference; fileEncoding = 4; lastKnownFileType = sourcecode.c.h; name = "LastMessage+CoreDataProperties.h"; path = "dataStorage/LastMessage+CoreDataProperties.h"; sourceTree = "<group>"; };
		DA90469F1C3A49AA009E75B7 /* LastMessage+CoreDataProperties.m */ = {isa = PBXFileReference; fileEncoding = 4; lastKnownFileType = sourcecode.c.objc; name = "LastMessage+CoreDataProperties.m"; path = "dataStorage/LastMessage+CoreDataProperties.m"; sourceTree = "<group>"; };
		DA9046A01C3A49AA009E75B7 /* LastMessage.h */ = {isa = PBXFileReference; fileEncoding = 4; lastKnownFileType = sourcecode.c.h; name = LastMessage.h; path = dataStorage/LastMessage.h; sourceTree = "<group>"; };
		DA9046A11C3A49AA009E75B7 /* LastMessage.m */ = {isa = PBXFileReference; fileEncoding = 4; lastKnownFileType = sourcecode.c.objc; name = LastMessage.m; path = dataStorage/LastMessage.m; sourceTree = "<group>"; };
		DA9046A81C3A49EB009E75B7 /* DataManager.h */ = {isa = PBXFileReference; fileEncoding = 4; lastKnownFileType = sourcecode.c.h; name = DataManager.h; path = dataStorage/DataManager.h; sourceTree = "<group>"; };
		DA9046A91C3A49EB009E75B7 /* DataManager.m */ = {isa = PBXFileReference; fileEncoding = 4; lastKnownFileType = sourcecode.c.objc; name = DataManager.m; path = dataStorage/DataManager.m; sourceTree = "<group>"; };
		DA9046AD1C3A51A1009E75B7 /* AudioCenter.h */ = {isa = PBXFileReference; fileEncoding = 4; lastKnownFileType = sourcecode.c.h; name = AudioCenter.h; path = Tool/AudioCenter.h; sourceTree = "<group>"; };
		DA9046AE1C3A51A1009E75B7 /* AudioCenter.m */ = {isa = PBXFileReference; fileEncoding = 4; lastKnownFileType = sourcecode.c.objc; name = AudioCenter.m; path = Tool/AudioCenter.m; sourceTree = "<group>"; };
		DA9046AF1C3A51A1009E75B7 /* MessageProtocal.h */ = {isa = PBXFileReference; fileEncoding = 4; lastKnownFileType = sourcecode.c.h; name = MessageProtocal.h; path = Tool/MessageProtocal.h; sourceTree = "<group>"; };
		DA9046B01C3A51A1009E75B7 /* MessageProtocal.m */ = {isa = PBXFileReference; fileEncoding = 4; lastKnownFileType = sourcecode.c.objc; name = MessageProtocal.m; path = Tool/MessageProtocal.m; sourceTree = "<group>"; };
		DA9046B11C3A51A1009E75B7 /* MyFetchedResultsControllerDelegate.h */ = {isa = PBXFileReference; fileEncoding = 4; lastKnownFileType = sourcecode.c.h; name = MyFetchedResultsControllerDelegate.h; path = Tool/MyFetchedResultsControllerDelegate.h; sourceTree = "<group>"; };
		DA9046B21C3A51A1009E75B7 /* MyFetchedResultsControllerDelegate.m */ = {isa = PBXFileReference; fileEncoding = 4; lastKnownFileType = sourcecode.c.objc; name = MyFetchedResultsControllerDelegate.m; path = Tool/MyFetchedResultsControllerDelegate.m; sourceTree = "<group>"; };
		DA9046B31C3A51A1009E75B7 /* Tool.h */ = {isa = PBXFileReference; fileEncoding = 4; lastKnownFileType = sourcecode.c.h; name = Tool.h; path = Tool/Tool.h; sourceTree = "<group>"; };
		DA9046B41C3A51A1009E75B7 /* Tool.m */ = {isa = PBXFileReference; fileEncoding = 4; lastKnownFileType = sourcecode.c.objc; name = Tool.m; path = Tool/Tool.m; sourceTree = "<group>"; };
		DA9046BA1C3A525F009E75B7 /* AsyncUdpSocket.h */ = {isa = PBXFileReference; fileEncoding = 4; lastKnownFileType = sourcecode.c.h; name = AsyncUdpSocket.h; path = framework/AsyncUdpSocket.h; sourceTree = "<group>"; };
		DA9046BB1C3A525F009E75B7 /* AsyncUdpSocket.m */ = {isa = PBXFileReference; fileEncoding = 4; lastKnownFileType = sourcecode.c.objc; name = AsyncUdpSocket.m; path = framework/AsyncUdpSocket.m; sourceTree = "<group>"; };
		DA9046BD1C3A5601009E75B7 /* 0.png */ = {isa = PBXFileReference; lastKnownFileType = image.png; name = 0.png; path = img/0.png; sourceTree = "<group>"; };
		DA9046BE1C3A5601009E75B7 /* 1.png */ = {isa = PBXFileReference; lastKnownFileType = image.png; name = 1.png; path = img/1.png; sourceTree = "<group>"; };
		DA9046C21C3A663D009E75B7 /* LoginViewController.h */ = {isa = PBXFileReference; fileEncoding = 4; lastKnownFileType = sourcecode.c.h; path = LoginViewController.h; sourceTree = "<group>"; };
		DA9046C31C3A663D009E75B7 /* LoginViewController.m */ = {isa = PBXFileReference; fileEncoding = 4; lastKnownFileType = sourcecode.c.objc; path = LoginViewController.m; sourceTree = "<group>"; };
		DA9046C51C3A6668009E75B7 /* RegisterViewController.h */ = {isa = PBXFileReference; fileEncoding = 4; lastKnownFileType = sourcecode.c.h; path = RegisterViewController.h; sourceTree = "<group>"; };
		DA9046C61C3A6668009E75B7 /* RegisterViewController.m */ = {isa = PBXFileReference; fileEncoding = 4; lastKnownFileType = sourcecode.c.objc; path = RegisterViewController.m; sourceTree = "<group>"; };
		DA9046C81C3A668C009E75B7 /* FriendsViewController.h */ = {isa = PBXFileReference; fileEncoding = 4; lastKnownFileType = sourcecode.c.h; path = FriendsViewController.h; sourceTree = "<group>"; };
		DA9046C91C3A668C009E75B7 /* FriendsViewController.m */ = {isa = PBXFileReference; fileEncoding = 4; lastKnownFileType = sourcecode.c.objc; path = FriendsViewController.m; sourceTree = "<group>"; };
		DA9046CB1C3A6698009E75B7 /* ChatViewController.h */ = {isa = PBXFileReference; fileEncoding = 4; lastKnownFileType = sourcecode.c.h; path = ChatViewController.h; sourceTree = "<group>"; };
		DA9046CC1C3A6698009E75B7 /* ChatViewController.m */ = {isa = PBXFileReference; fileEncoding = 4; lastKnownFileType = sourcecode.c.objc; path = ChatViewController.m; sourceTree = "<group>"; };
		DA95D5921C3A16E6001ED1A6 /* p2pChat.app */ = {isa = PBXFileReference; explicitFileType = wrapper.application; includeInIndex = 0; path = p2pChat.app; sourceTree = BUILT_PRODUCTS_DIR; };
		DA95D5961C3A16E6001ED1A6 /* main.m */ = {isa = PBXFileReference; lastKnownFileType = sourcecode.c.objc; path = main.m; sourceTree = "<group>"; };
		DA95D5981C3A16E6001ED1A6 /* AppDelegate.h */ = {isa = PBXFileReference; lastKnownFileType = sourcecode.c.h; path = AppDelegate.h; sourceTree = "<group>"; };
		DA95D5991C3A16E6001ED1A6 /* AppDelegate.m */ = {isa = PBXFileReference; lastKnownFileType = sourcecode.c.objc; path = AppDelegate.m; sourceTree = "<group>"; };
		DA95D59B1C3A16E6001ED1A6 /* RecentViewController.h */ = {isa = PBXFileReference; lastKnownFileType = sourcecode.c.h; path = RecentViewController.h; sourceTree = "<group>"; };
		DA95D59C1C3A16E6001ED1A6 /* RecentViewController.m */ = {isa = PBXFileReference; lastKnownFileType = sourcecode.c.objc; path = RecentViewController.m; sourceTree = "<group>"; };
		DA95D59F1C3A16E6001ED1A6 /* Base */ = {isa = PBXFileReference; lastKnownFileType = file.storyboard; name = Base; path = Base.lproj/Main.storyboard; sourceTree = "<group>"; };
		DA95D5A21C3A16E6001ED1A6 /* p2pChat.xcdatamodel */ = {isa = PBXFileReference; lastKnownFileType = wrapper.xcdatamodel; path = p2pChat.xcdatamodel; sourceTree = "<group>"; };
		DA95D5A41C3A16E6001ED1A6 /* Assets.xcassets */ = {isa = PBXFileReference; lastKnownFileType = folder.assetcatalog; path = Assets.xcassets; sourceTree = "<group>"; };
		DA95D5A71C3A16E6001ED1A6 /* Base */ = {isa = PBXFileReference; lastKnownFileType = file.storyboard; name = Base; path = Base.lproj/LaunchScreen.storyboard; sourceTree = "<group>"; };
		DA95D5A91C3A16E6001ED1A6 /* Info.plist */ = {isa = PBXFileReference; lastKnownFileType = text.plist.xml; path = Info.plist; sourceTree = "<group>"; };
		DA95D5AE1C3A16E6001ED1A6 /* p2pChatTests.xctest */ = {isa = PBXFileReference; explicitFileType = wrapper.cfbundle; includeInIndex = 0; path = p2pChatTests.xctest; sourceTree = BUILT_PRODUCTS_DIR; };
		DA95D5B21C3A16E6001ED1A6 /* p2pChatTests.m */ = {isa = PBXFileReference; lastKnownFileType = sourcecode.c.objc; path = p2pChatTests.m; sourceTree = "<group>"; };
		DA95D5B41C3A16E6001ED1A6 /* Info.plist */ = {isa = PBXFileReference; lastKnownFileType = text.plist.xml; path = Info.plist; sourceTree = "<group>"; };
		DA95D5B91C3A16E6001ED1A6 /* p2pChatUITests.xctest */ = {isa = PBXFileReference; explicitFileType = wrapper.cfbundle; includeInIndex = 0; path = p2pChatUITests.xctest; sourceTree = BUILT_PRODUCTS_DIR; };
		DA95D5BD1C3A16E6001ED1A6 /* p2pChatUITests.m */ = {isa = PBXFileReference; lastKnownFileType = sourcecode.c.objc; path = p2pChatUITests.m; sourceTree = "<group>"; };
		DA95D5BF1C3A16E6001ED1A6 /* Info.plist */ = {isa = PBXFileReference; lastKnownFileType = text.plist.xml; path = Info.plist; sourceTree = "<group>"; };
		DAA3FDA81C4647E600034F44 /* P2PUdpSocket.h */ = {isa = PBXFileReference; fileEncoding = 4; lastKnownFileType = sourcecode.c.h; name = P2PUdpSocket.h; path = framework/P2PUdpSocket.h; sourceTree = "<group>"; };
		DAA3FDA91C4647E600034F44 /* P2PUdpSocket.m */ = {isa = PBXFileReference; fileEncoding = 4; lastKnownFileType = sourcecode.c.objc; name = P2PUdpSocket.m; path = framework/P2PUdpSocket.m; sourceTree = "<group>"; };
		DAA3FDAE1C465CFB00034F44 /* P2PTcpSocket.h */ = {isa = PBXFileReference; fileEncoding = 4; lastKnownFileType = sourcecode.c.h; name = P2PTcpSocket.h; path = framework/P2PTcpSocket.h; sourceTree = "<group>"; };
		DAA3FDAF1C465CFB00034F44 /* P2PTcpSocket.m */ = {isa = PBXFileReference; fileEncoding = 4; lastKnownFileType = sourcecode.c.objc; name = P2PTcpSocket.m; path = framework/P2PTcpSocket.m; sourceTree = "<group>"; };
		DAA67E3C1C3FACD50037C105 /* MessageQueueManager.h */ = {isa = PBXFileReference; fileEncoding = 4; lastKnownFileType = sourcecode.c.h; path = MessageQueueManager.h; sourceTree = "<group>"; };
		DAA67E3D1C3FACD50037C105 /* MessageQueueManager.m */ = {isa = PBXFileReference; fileEncoding = 4; lastKnownFileType = sourcecode.c.objc; path = MessageQueueManager.m; sourceTree = "<group>"; };
		DAD235011C424CEE003A93F9 /* MoreView.xib */ = {isa = PBXFileReference; fileEncoding = 4; lastKnownFileType = file.xib; path = MoreView.xib; sourceTree = "<group>"; };
		DAD235031C424D05003A93F9 /* MoreView.h */ = {isa = PBXFileReference; fileEncoding = 4; lastKnownFileType = sourcecode.c.h; path = MoreView.h; sourceTree = "<group>"; };
		DAD235041C424D05003A93F9 /* MoreView.m */ = {isa = PBXFileReference; fileEncoding = 4; lastKnownFileType = sourcecode.c.objc; path = MoreView.m; sourceTree = "<group>"; };
		DAD235071C425347003A93F9 /* RecordView.h */ = {isa = PBXFileReference; fileEncoding = 4; lastKnownFileType = sourcecode.c.h; path = RecordView.h; sourceTree = "<group>"; };
		DAD235081C425347003A93F9 /* RecordView.m */ = {isa = PBXFileReference; fileEncoding = 4; lastKnownFileType = sourcecode.c.objc; path = RecordView.m; sourceTree = "<group>"; };
		DAD2350A1C425355003A93F9 /* RecordView.xib */ = {isa = PBXFileReference; fileEncoding = 4; lastKnownFileType = file.xib; path = RecordView.xib; sourceTree = "<group>"; };
/* End PBXFileReference section */

/* Begin PBXFrameworksBuildPhase section */
		DA95D58F1C3A16E6001ED1A6 /* Frameworks */ = {
			isa = PBXFrameworksBuildPhase;
			buildActionMask = 2147483647;
			files = (
			);
			runOnlyForDeploymentPostprocessing = 0;
		};
		DA95D5AB1C3A16E6001ED1A6 /* Frameworks */ = {
			isa = PBXFrameworksBuildPhase;
			buildActionMask = 2147483647;
			files = (
			);
			runOnlyForDeploymentPostprocessing = 0;
		};
		DA95D5B61C3A16E6001ED1A6 /* Frameworks */ = {
			isa = PBXFrameworksBuildPhase;
			buildActionMask = 2147483647;
			files = (
			);
			runOnlyForDeploymentPostprocessing = 0;
		};
/* End PBXFrameworksBuildPhase section */

/* Begin PBXGroup section */
		DA258D2C1C3B6E9600AED768 /* Cells */ = {
			isa = PBXGroup;
			children = (
				DA258D2D1C3B6F2E00AED768 /* MessageCell.h */,
				DA258D2E1C3B6F2E00AED768 /* MessageCell.m */,
				DA258D211C3B6E8E00AED768 /* FriendMessageCell.xib */,
				DA258D221C3B6E8E00AED768 /* FriendRecordCell.xib */,
				DA879C131C4397350044B865 /* FriendPhotoCell.xib */,
				DA258D251C3B6E8E00AED768 /* MyMessageCell.xib */,
				DA258D261C3B6E8E00AED768 /* MyRecordCell.xib */,
				DA879C111C4397260044B865 /* MyPhotoCell.xib */,
			);
			name = Cells;
			sourceTree = "<group>";
		};
		DA9046B91C3A51A8009E75B7 /* Tools */ = {
			isa = PBXGroup;
			children = (
				DAA3FDA81C4647E600034F44 /* P2PUdpSocket.h */,
				DAA3FDA91C4647E600034F44 /* P2PUdpSocket.m */,
				DAA3FDAE1C465CFB00034F44 /* P2PTcpSocket.h */,
				DAA3FDAF1C465CFB00034F44 /* P2PTcpSocket.m */,
				DA9046AD1C3A51A1009E75B7 /* AudioCenter.h */,
				DA9046AE1C3A51A1009E75B7 /* AudioCenter.m */,
				DA9046AF1C3A51A1009E75B7 /* MessageProtocal.h */,
				DA9046B01C3A51A1009E75B7 /* MessageProtocal.m */,
				DA9046B11C3A51A1009E75B7 /* MyFetchedResultsControllerDelegate.h */,
				DA9046B21C3A51A1009E75B7 /* MyFetchedResultsControllerDelegate.m */,
				DAA67E3C1C3FACD50037C105 /* MessageQueueManager.h */,
				DAA67E3D1C3FACD50037C105 /* MessageQueueManager.m */,
				DA9046B31C3A51A1009E75B7 /* Tool.h */,
				DA9046B41C3A51A1009E75B7 /* Tool.m */,
			);
			name = Tools;
			sourceTree = "<group>";
		};
		DA9046C11C3A645A009E75B7 /* Views */ = {
			isa = PBXGroup;
			children = (
				DA95D59B1C3A16E6001ED1A6 /* RecentViewController.h */,
				DA95D59C1C3A16E6001ED1A6 /* RecentViewController.m */,
				DA9046C81C3A668C009E75B7 /* FriendsViewController.h */,
				DA9046C91C3A668C009E75B7 /* FriendsViewController.m */,
				DA9046C21C3A663D009E75B7 /* LoginViewController.h */,
				DA9046C31C3A663D009E75B7 /* LoginViewController.m */,
				DA9046C51C3A6668009E75B7 /* RegisterViewController.h */,
				DA9046C61C3A6668009E75B7 /* RegisterViewController.m */,
				DA9046CB1C3A6698009E75B7 /* ChatViewController.h */,
				DA9046CC1C3A6698009E75B7 /* ChatViewController.m */,
				DAD2350C1C42535A003A93F9 /* RecordView */,
				DAD235061C424D0E003A93F9 /* MoreView */,
				DA258D2C1C3B6E9600AED768 /* Cells */,
			);
			name = Views;
			sourceTree = "<group>";
		};
		DA95D5891C3A16E6001ED1A6 = {
			isa = PBXGroup;
			children = (
				DA95D5941C3A16E6001ED1A6 /* p2pChat */,
				DA95D5B11C3A16E6001ED1A6 /* p2pChatTests */,
				DA95D5BC1C3A16E6001ED1A6 /* p2pChatUITests */,
				DA95D5931C3A16E6001ED1A6 /* Products */,
			);
			sourceTree = "<group>";
		};
		DA95D5931C3A16E6001ED1A6 /* Products */ = {
			isa = PBXGroup;
			children = (
				DA95D5921C3A16E6001ED1A6 /* p2pChat.app */,
				DA95D5AE1C3A16E6001ED1A6 /* p2pChatTests.xctest */,
				DA95D5B91C3A16E6001ED1A6 /* p2pChatUITests.xctest */,
			);
			name = Products;
			sourceTree = "<group>";
		};
		DA95D5941C3A16E6001ED1A6 /* p2pChat */ = {
			isa = PBXGroup;
			children = (
				DA95D5981C3A16E6001ED1A6 /* AppDelegate.h */,
				DA95D5991C3A16E6001ED1A6 /* AppDelegate.m */,
				DA9046C11C3A645A009E75B7 /* Views */,
				DA95D59E1C3A16E6001ED1A6 /* Main.storyboard */,
				DA9046B91C3A51A8009E75B7 /* Tools */,
				DA95D5CE1C3A1F11001ED1A6 /* DataStorage */,
				DA95D5951C3A16E6001ED1A6 /* Supporting Files */,
			);
			path = p2pChat;
			sourceTree = "<group>";
		};
		DA95D5951C3A16E6001ED1A6 /* Supporting Files */ = {
			isa = PBXGroup;
			children = (
				DA9046BA1C3A525F009E75B7 /* AsyncUdpSocket.h */,
				DA9046BB1C3A525F009E75B7 /* AsyncUdpSocket.m */,
				DA01456C1C3E4C5700C85680 /* AsyncSocket.h */,
				DA01456D1C3E4C5700C85680 /* AsyncSocket.m */,
				DA95D5961C3A16E6001ED1A6 /* main.m */,
				DA95D5A41C3A16E6001ED1A6 /* Assets.xcassets */,
				DA95D5A61C3A16E6001ED1A6 /* LaunchScreen.storyboard */,
				DA9046BD1C3A5601009E75B7 /* 0.png */,
				DA9046BE1C3A5601009E75B7 /* 1.png */,
				DA95D5A91C3A16E6001ED1A6 /* Info.plist */,
			);
			name = "Supporting Files";
			sourceTree = "<group>";
		};
		DA95D5B11C3A16E6001ED1A6 /* p2pChatTests */ = {
			isa = PBXGroup;
			children = (
				DA95D5B21C3A16E6001ED1A6 /* p2pChatTests.m */,
				DA95D5B41C3A16E6001ED1A6 /* Info.plist */,
			);
			path = p2pChatTests;
			sourceTree = "<group>";
		};
		DA95D5BC1C3A16E6001ED1A6 /* p2pChatUITests */ = {
			isa = PBXGroup;
			children = (
				DA95D5BD1C3A16E6001ED1A6 /* p2pChatUITests.m */,
				DA95D5BF1C3A16E6001ED1A6 /* Info.plist */,
			);
			path = p2pChatUITests;
			sourceTree = "<group>";
		};
		DA95D5CE1C3A1F11001ED1A6 /* DataStorage */ = {
			isa = PBXGroup;
			children = (
				DA9046A81C3A49EB009E75B7 /* DataManager.h */,
				DA9046A91C3A49EB009E75B7 /* DataManager.m */,
				DA95D5A11C3A16E6001ED1A6 /* p2pChat.xcdatamodeld */,
				DA9046961C3A49AA009E75B7 /* Friend+CoreDataProperties.h */,
				DA9046971C3A49AA009E75B7 /* Friend+CoreDataProperties.m */,
				DA9046981C3A49AA009E75B7 /* Friend.h */,
				DA9046991C3A49AA009E75B7 /* Friend.m */,
				DA90469A1C3A49AA009E75B7 /* Message+CoreDataProperties.h */,
				DA90469B1C3A49AA009E75B7 /* Message+CoreDataProperties.m */,
				DA90469C1C3A49AA009E75B7 /* Message.h */,
				DA90469D1C3A49AA009E75B7 /* Message.m */,
				DA90469E1C3A49AA009E75B7 /* LastMessage+CoreDataProperties.h */,
				DA90469F1C3A49AA009E75B7 /* LastMessage+CoreDataProperties.m */,
				DA9046A01C3A49AA009E75B7 /* LastMessage.h */,
				DA9046A11C3A49AA009E75B7 /* LastMessage.m */,
			);
			name = DataStorage;
			sourceTree = "<group>";
		};
		DAD235061C424D0E003A93F9 /* MoreView */ = {
			isa = PBXGroup;
			children = (
				DAD235011C424CEE003A93F9 /* MoreView.xib */,
				DAD235031C424D05003A93F9 /* MoreView.h */,
				DAD235041C424D05003A93F9 /* MoreView.m */,
			);
			name = MoreView;
			sourceTree = "<group>";
		};
		DAD2350C1C42535A003A93F9 /* RecordView */ = {
			isa = PBXGroup;
			children = (
				DAD235071C425347003A93F9 /* RecordView.h */,
				DAD235081C425347003A93F9 /* RecordView.m */,
				DAD2350A1C425355003A93F9 /* RecordView.xib */,
			);
			name = RecordView;
			sourceTree = "<group>";
		};
/* End PBXGroup section */

/* Begin PBXNativeTarget section */
		DA95D5911C3A16E6001ED1A6 /* p2pChat */ = {
			isa = PBXNativeTarget;
			buildConfigurationList = DA95D5C21C3A16E6001ED1A6 /* Build configuration list for PBXNativeTarget "p2pChat" */;
			buildPhases = (
				DA95D58E1C3A16E6001ED1A6 /* Sources */,
				DA95D58F1C3A16E6001ED1A6 /* Frameworks */,
				DA95D5901C3A16E6001ED1A6 /* Resources */,
			);
			buildRules = (
			);
			dependencies = (
			);
			name = p2pChat;
			productName = p2pChat;
			productReference = DA95D5921C3A16E6001ED1A6 /* p2pChat.app */;
			productType = "com.apple.product-type.application";
		};
		DA95D5AD1C3A16E6001ED1A6 /* p2pChatTests */ = {
			isa = PBXNativeTarget;
			buildConfigurationList = DA95D5C51C3A16E6001ED1A6 /* Build configuration list for PBXNativeTarget "p2pChatTests" */;
			buildPhases = (
				DA95D5AA1C3A16E6001ED1A6 /* Sources */,
				DA95D5AB1C3A16E6001ED1A6 /* Frameworks */,
				DA95D5AC1C3A16E6001ED1A6 /* Resources */,
			);
			buildRules = (
			);
			dependencies = (
				DA95D5B01C3A16E6001ED1A6 /* PBXTargetDependency */,
			);
			name = p2pChatTests;
			productName = p2pChatTests;
			productReference = DA95D5AE1C3A16E6001ED1A6 /* p2pChatTests.xctest */;
			productType = "com.apple.product-type.bundle.unit-test";
		};
		DA95D5B81C3A16E6001ED1A6 /* p2pChatUITests */ = {
			isa = PBXNativeTarget;
			buildConfigurationList = DA95D5C81C3A16E6001ED1A6 /* Build configuration list for PBXNativeTarget "p2pChatUITests" */;
			buildPhases = (
				DA95D5B51C3A16E6001ED1A6 /* Sources */,
				DA95D5B61C3A16E6001ED1A6 /* Frameworks */,
				DA95D5B71C3A16E6001ED1A6 /* Resources */,
			);
			buildRules = (
			);
			dependencies = (
				DA95D5BB1C3A16E6001ED1A6 /* PBXTargetDependency */,
			);
			name = p2pChatUITests;
			productName = p2pChatUITests;
			productReference = DA95D5B91C3A16E6001ED1A6 /* p2pChatUITests.xctest */;
			productType = "com.apple.product-type.bundle.ui-testing";
		};
/* End PBXNativeTarget section */

/* Begin PBXProject section */
		DA95D58A1C3A16E6001ED1A6 /* Project object */ = {
			isa = PBXProject;
			attributes = {
				LastUpgradeCheck = 0720;
				ORGANIZATIONNAME = xiaokun;
				TargetAttributes = {
					DA95D5911C3A16E6001ED1A6 = {
						CreatedOnToolsVersion = 7.2;
						DevelopmentTeam = 832QR2A7CG;
					};
					DA95D5AD1C3A16E6001ED1A6 = {
						CreatedOnToolsVersion = 7.2;
						DevelopmentTeam = 832QR2A7CG;
						TestTargetID = DA95D5911C3A16E6001ED1A6;
					};
					DA95D5B81C3A16E6001ED1A6 = {
						CreatedOnToolsVersion = 7.2;
						DevelopmentTeam = 832QR2A7CG;
						TestTargetID = DA95D5911C3A16E6001ED1A6;
					};
				};
			};
			buildConfigurationList = DA95D58D1C3A16E6001ED1A6 /* Build configuration list for PBXProject "p2pChat" */;
			compatibilityVersion = "Xcode 3.2";
			developmentRegion = English;
			hasScannedForEncodings = 0;
			knownRegions = (
				en,
				Base,
			);
			mainGroup = DA95D5891C3A16E6001ED1A6;
			productRefGroup = DA95D5931C3A16E6001ED1A6 /* Products */;
			projectDirPath = "";
			projectRoot = "";
			targets = (
				DA95D5911C3A16E6001ED1A6 /* p2pChat */,
				DA95D5AD1C3A16E6001ED1A6 /* p2pChatTests */,
				DA95D5B81C3A16E6001ED1A6 /* p2pChatUITests */,
			);
		};
/* End PBXProject section */

/* Begin PBXResourcesBuildPhase section */
		DA95D5901C3A16E6001ED1A6 /* Resources */ = {
			isa = PBXResourcesBuildPhase;
			buildActionMask = 2147483647;
			files = (
				DA9046BF1C3A5601009E75B7 /* 0.png in Resources */,
				DAD2350B1C425355003A93F9 /* RecordView.xib in Resources */,
				DAD235021C424CEE003A93F9 /* MoreView.xib in Resources */,
				DA258D281C3B6E8E00AED768 /* FriendRecordCell.xib in Resources */,
				DA879C141C4397350044B865 /* FriendPhotoCell.xib in Resources */,
				DA258D271C3B6E8E00AED768 /* FriendMessageCell.xib in Resources */,
				DA95D5A81C3A16E6001ED1A6 /* LaunchScreen.storyboard in Resources */,
				DA95D5A51C3A16E6001ED1A6 /* Assets.xcassets in Resources */,
				DA258D2A1C3B6E8E00AED768 /* MyMessageCell.xib in Resources */,
				DA879C121C4397260044B865 /* MyPhotoCell.xib in Resources */,
				DA95D5A01C3A16E6001ED1A6 /* Main.storyboard in Resources */,
				DA9046C01C3A5601009E75B7 /* 1.png in Resources */,
				DA258D2B1C3B6E8E00AED768 /* MyRecordCell.xib in Resources */,
			);
			runOnlyForDeploymentPostprocessing = 0;
		};
		DA95D5AC1C3A16E6001ED1A6 /* Resources */ = {
			isa = PBXResourcesBuildPhase;
			buildActionMask = 2147483647;
			files = (
			);
			runOnlyForDeploymentPostprocessing = 0;
		};
		DA95D5B71C3A16E6001ED1A6 /* Resources */ = {
			isa = PBXResourcesBuildPhase;
			buildActionMask = 2147483647;
			files = (
			);
			runOnlyForDeploymentPostprocessing = 0;
		};
/* End PBXResourcesBuildPhase section */

/* Begin PBXSourcesBuildPhase section */
		DA95D58E1C3A16E6001ED1A6 /* Sources */ = {
			isa = PBXSourcesBuildPhase;
			buildActionMask = 2147483647;
			files = (
				DA9046A61C3A49AA009E75B7 /* LastMessage+CoreDataProperties.m in Sources */,
				DA9046B71C3A51A1009E75B7 /* MyFetchedResultsControllerDelegate.m in Sources */,
				DA9046CD1C3A6698009E75B7 /* ChatViewController.m in Sources */,
				DAD235051C424D05003A93F9 /* MoreView.m in Sources */,
				DA9046CA1C3A668C009E75B7 /* FriendsViewController.m in Sources */,
				DA9046AA1C3A49EB009E75B7 /* DataManager.m in Sources */,
				DA95D59D1C3A16E6001ED1A6 /* RecentViewController.m in Sources */,
				DA9046A71C3A49AA009E75B7 /* LastMessage.m in Sources */,
				DA01456E1C3E4C5700C85680 /* AsyncSocket.m in Sources */,
				DA9046A31C3A49AA009E75B7 /* Friend.m in Sources */,
				DA9046B61C3A51A1009E75B7 /* MessageProtocal.m in Sources */,
				DA9046C41C3A663D009E75B7 /* LoginViewController.m in Sources */,
				DA95D59A1C3A16E6001ED1A6 /* AppDelegate.m in Sources */,
				DAD235091C425347003A93F9 /* RecordView.m in Sources */,
				DA95D5A31C3A16E6001ED1A6 /* p2pChat.xcdatamodeld in Sources */,
				DAA3FDAA1C4647E600034F44 /* P2PUdpSocket.m in Sources */,
				DA258D2F1C3B6F2E00AED768 /* MessageCell.m in Sources */,
				DA95D5971C3A16E6001ED1A6 /* main.m in Sources */,
				DA9046A21C3A49AA009E75B7 /* Friend+CoreDataProperties.m in Sources */,
				DA9046BC1C3A525F009E75B7 /* AsyncUdpSocket.m in Sources */,
				DA9046C71C3A6668009E75B7 /* RegisterViewController.m in Sources */,
				DA9046A51C3A49AA009E75B7 /* Message.m in Sources */,
				DAA67E3E1C3FACD50037C105 /* MessageQueueManager.m in Sources */,
				DAA3FDB01C465CFB00034F44 /* P2PTcpSocket.m in Sources */,
				DA9046B51C3A51A1009E75B7 /* AudioCenter.m in Sources */,
				DA9046A41C3A49AA009E75B7 /* Message+CoreDataProperties.m in Sources */,
				DA9046B81C3A51A1009E75B7 /* Tool.m in Sources */,
			);
			runOnlyForDeploymentPostprocessing = 0;
		};
		DA95D5AA1C3A16E6001ED1A6 /* Sources */ = {
			isa = PBXSourcesBuildPhase;
			buildActionMask = 2147483647;
			files = (
				DA95D5B31C3A16E6001ED1A6 /* p2pChatTests.m in Sources */,
			);
			runOnlyForDeploymentPostprocessing = 0;
		};
		DA95D5B51C3A16E6001ED1A6 /* Sources */ = {
			isa = PBXSourcesBuildPhase;
			buildActionMask = 2147483647;
			files = (
				DA95D5BE1C3A16E6001ED1A6 /* p2pChatUITests.m in Sources */,
			);
			runOnlyForDeploymentPostprocessing = 0;
		};
/* End PBXSourcesBuildPhase section */

/* Begin PBXTargetDependency section */
		DA95D5B01C3A16E6001ED1A6 /* PBXTargetDependency */ = {
			isa = PBXTargetDependency;
			target = DA95D5911C3A16E6001ED1A6 /* p2pChat */;
			targetProxy = DA95D5AF1C3A16E6001ED1A6 /* PBXContainerItemProxy */;
		};
		DA95D5BB1C3A16E6001ED1A6 /* PBXTargetDependency */ = {
			isa = PBXTargetDependency;
			target = DA95D5911C3A16E6001ED1A6 /* p2pChat */;
			targetProxy = DA95D5BA1C3A16E6001ED1A6 /* PBXContainerItemProxy */;
		};
/* End PBXTargetDependency section */

/* Begin PBXVariantGroup section */
		DA95D59E1C3A16E6001ED1A6 /* Main.storyboard */ = {
			isa = PBXVariantGroup;
			children = (
				DA95D59F1C3A16E6001ED1A6 /* Base */,
			);
			name = Main.storyboard;
			sourceTree = "<group>";
		};
		DA95D5A61C3A16E6001ED1A6 /* LaunchScreen.storyboard */ = {
			isa = PBXVariantGroup;
			children = (
				DA95D5A71C3A16E6001ED1A6 /* Base */,
			);
			name = LaunchScreen.storyboard;
			sourceTree = "<group>";
		};
/* End PBXVariantGroup section */

/* Begin XCBuildConfiguration section */
		DA95D5C01C3A16E6001ED1A6 /* Debug */ = {
			isa = XCBuildConfiguration;
			buildSettings = {
				ALWAYS_SEARCH_USER_PATHS = NO;
				CLANG_CXX_LANGUAGE_STANDARD = "gnu++0x";
				CLANG_CXX_LIBRARY = "libc++";
				CLANG_ENABLE_MODULES = YES;
				CLANG_ENABLE_OBJC_ARC = YES;
				CLANG_WARN_BOOL_CONVERSION = YES;
				CLANG_WARN_CONSTANT_CONVERSION = YES;
				CLANG_WARN_DIRECT_OBJC_ISA_USAGE = YES_ERROR;
				CLANG_WARN_EMPTY_BODY = YES;
				CLANG_WARN_ENUM_CONVERSION = YES;
				CLANG_WARN_INT_CONVERSION = YES;
				CLANG_WARN_OBJC_ROOT_CLASS = YES_ERROR;
				CLANG_WARN_UNREACHABLE_CODE = YES;
				CLANG_WARN__DUPLICATE_METHOD_MATCH = YES;
				"CODE_SIGN_IDENTITY[sdk=iphoneos*]" = "iPhone Developer";
				COPY_PHASE_STRIP = NO;
				DEBUG_INFORMATION_FORMAT = dwarf;
				ENABLE_STRICT_OBJC_MSGSEND = YES;
				ENABLE_TESTABILITY = YES;
				GCC_C_LANGUAGE_STANDARD = gnu99;
				GCC_DYNAMIC_NO_PIC = NO;
				GCC_NO_COMMON_BLOCKS = YES;
				GCC_OPTIMIZATION_LEVEL = 0;
				GCC_PREPROCESSOR_DEFINITIONS = (
					"DEBUG=1",
					"$(inherited)",
				);
				GCC_WARN_64_TO_32_BIT_CONVERSION = YES;
				GCC_WARN_ABOUT_RETURN_TYPE = YES_ERROR;
				GCC_WARN_UNDECLARED_SELECTOR = YES;
				GCC_WARN_UNINITIALIZED_AUTOS = YES_AGGRESSIVE;
				GCC_WARN_UNUSED_FUNCTION = YES;
				GCC_WARN_UNUSED_VARIABLE = YES;
				IPHONEOS_DEPLOYMENT_TARGET = 9.2;
				MTL_ENABLE_DEBUG_INFO = YES;
				ONLY_ACTIVE_ARCH = YES;
				SDKROOT = iphoneos;
				TARGETED_DEVICE_FAMILY = "1,2";
			};
			name = Debug;
		};
		DA95D5C11C3A16E6001ED1A6 /* Release */ = {
			isa = XCBuildConfiguration;
			buildSettings = {
				ALWAYS_SEARCH_USER_PATHS = NO;
				CLANG_CXX_LANGUAGE_STANDARD = "gnu++0x";
				CLANG_CXX_LIBRARY = "libc++";
				CLANG_ENABLE_MODULES = YES;
				CLANG_ENABLE_OBJC_ARC = YES;
				CLANG_WARN_BOOL_CONVERSION = YES;
				CLANG_WARN_CONSTANT_CONVERSION = YES;
				CLANG_WARN_DIRECT_OBJC_ISA_USAGE = YES_ERROR;
				CLANG_WARN_EMPTY_BODY = YES;
				CLANG_WARN_ENUM_CONVERSION = YES;
				CLANG_WARN_INT_CONVERSION = YES;
				CLANG_WARN_OBJC_ROOT_CLASS = YES_ERROR;
				CLANG_WARN_UNREACHABLE_CODE = YES;
				CLANG_WARN__DUPLICATE_METHOD_MATCH = YES;
				"CODE_SIGN_IDENTITY[sdk=iphoneos*]" = "iPhone Developer";
				COPY_PHASE_STRIP = NO;
				DEBUG_INFORMATION_FORMAT = "dwarf-with-dsym";
				ENABLE_NS_ASSERTIONS = NO;
				ENABLE_STRICT_OBJC_MSGSEND = YES;
				GCC_C_LANGUAGE_STANDARD = gnu99;
				GCC_NO_COMMON_BLOCKS = YES;
				GCC_WARN_64_TO_32_BIT_CONVERSION = YES;
				GCC_WARN_ABOUT_RETURN_TYPE = YES_ERROR;
				GCC_WARN_UNDECLARED_SELECTOR = YES;
				GCC_WARN_UNINITIALIZED_AUTOS = YES_AGGRESSIVE;
				GCC_WARN_UNUSED_FUNCTION = YES;
				GCC_WARN_UNUSED_VARIABLE = YES;
				IPHONEOS_DEPLOYMENT_TARGET = 9.2;
				MTL_ENABLE_DEBUG_INFO = NO;
				SDKROOT = iphoneos;
				TARGETED_DEVICE_FAMILY = "1,2";
				VALIDATE_PRODUCT = YES;
			};
			name = Release;
		};
		DA95D5C31C3A16E6001ED1A6 /* Debug */ = {
			isa = XCBuildConfiguration;
			buildSettings = {
				ASSETCATALOG_COMPILER_APPICON_NAME = AppIcon;
				INFOPLIST_FILE = p2pChat/Info.plist;
				IPHONEOS_DEPLOYMENT_TARGET = 9.2;
				LD_RUNPATH_SEARCH_PATHS = "$(inherited) @executable_path/Frameworks";
				PRODUCT_BUNDLE_IDENTIFIER = zxkleetcode.p2pChat;
				PRODUCT_NAME = "$(TARGET_NAME)";
			};
			name = Debug;
		};
		DA95D5C41C3A16E6001ED1A6 /* Release */ = {
			isa = XCBuildConfiguration;
			buildSettings = {
				ASSETCATALOG_COMPILER_APPICON_NAME = AppIcon;
				INFOPLIST_FILE = p2pChat/Info.plist;
				IPHONEOS_DEPLOYMENT_TARGET = 9.2;
				LD_RUNPATH_SEARCH_PATHS = "$(inherited) @executable_path/Frameworks";
				PRODUCT_BUNDLE_IDENTIFIER = zxkleetcode.p2pChat;
				PRODUCT_NAME = "$(TARGET_NAME)";
			};
			name = Release;
		};
		DA95D5C61C3A16E6001ED1A6 /* Debug */ = {
			isa = XCBuildConfiguration;
			buildSettings = {
				BUNDLE_LOADER = "$(TEST_HOST)";
				INFOPLIST_FILE = p2pChatTests/Info.plist;
				LD_RUNPATH_SEARCH_PATHS = "$(inherited) @executable_path/Frameworks @loader_path/Frameworks";
				PRODUCT_BUNDLE_IDENTIFIER = zxkleetcode.p2pChatTests;
				PRODUCT_NAME = "$(TARGET_NAME)";
				TEST_HOST = "$(BUILT_PRODUCTS_DIR)/p2pChat.app/p2pChat";
			};
			name = Debug;
		};
		DA95D5C71C3A16E6001ED1A6 /* Release */ = {
			isa = XCBuildConfiguration;
			buildSettings = {
				BUNDLE_LOADER = "$(TEST_HOST)";
				INFOPLIST_FILE = p2pChatTests/Info.plist;
				LD_RUNPATH_SEARCH_PATHS = "$(inherited) @executable_path/Frameworks @loader_path/Frameworks";
				PRODUCT_BUNDLE_IDENTIFIER = zxkleetcode.p2pChatTests;
				PRODUCT_NAME = "$(TARGET_NAME)";
				TEST_HOST = "$(BUILT_PRODUCTS_DIR)/p2pChat.app/p2pChat";
			};
			name = Release;
		};
		DA95D5C91C3A16E6001ED1A6 /* Debug */ = {
			isa = XCBuildConfiguration;
			buildSettings = {
				INFOPLIST_FILE = p2pChatUITests/Info.plist;
				LD_RUNPATH_SEARCH_PATHS = "$(inherited) @executable_path/Frameworks @loader_path/Frameworks";
				PRODUCT_BUNDLE_IDENTIFIER = zxkleetcode.p2pChatUITests;
				PRODUCT_NAME = "$(TARGET_NAME)";
				TEST_TARGET_NAME = p2pChat;
				USES_XCTRUNNER = YES;
			};
			name = Debug;
		};
		DA95D5CA1C3A16E6001ED1A6 /* Release */ = {
			isa = XCBuildConfiguration;
			buildSettings = {
				INFOPLIST_FILE = p2pChatUITests/Info.plist;
				LD_RUNPATH_SEARCH_PATHS = "$(inherited) @executable_path/Frameworks @loader_path/Frameworks";
				PRODUCT_BUNDLE_IDENTIFIER = zxkleetcode.p2pChatUITests;
				PRODUCT_NAME = "$(TARGET_NAME)";
				TEST_TARGET_NAME = p2pChat;
				USES_XCTRUNNER = YES;
			};
			name = Release;
		};
/* End XCBuildConfiguration section */

/* Begin XCConfigurationList section */
		DA95D58D1C3A16E6001ED1A6 /* Build configuration list for PBXProject "p2pChat" */ = {
			isa = XCConfigurationList;
			buildConfigurations = (
				DA95D5C01C3A16E6001ED1A6 /* Debug */,
				DA95D5C11C3A16E6001ED1A6 /* Release */,
			);
			defaultConfigurationIsVisible = 0;
			defaultConfigurationName = Release;
		};
		DA95D5C21C3A16E6001ED1A6 /* Build configuration list for PBXNativeTarget "p2pChat" */ = {
			isa = XCConfigurationList;
			buildConfigurations = (
				DA95D5C31C3A16E6001ED1A6 /* Debug */,
				DA95D5C41C3A16E6001ED1A6 /* Release */,
			);
			defaultConfigurationIsVisible = 0;
			defaultConfigurationName = Release;
		};
		DA95D5C51C3A16E6001ED1A6 /* Build configuration list for PBXNativeTarget "p2pChatTests" */ = {
			isa = XCConfigurationList;
			buildConfigurations = (
				DA95D5C61C3A16E6001ED1A6 /* Debug */,
				DA95D5C71C3A16E6001ED1A6 /* Release */,
			);
			defaultConfigurationIsVisible = 0;
			defaultConfigurationName = Release;
		};
		DA95D5C81C3A16E6001ED1A6 /* Build configuration list for PBXNativeTarget "p2pChatUITests" */ = {
			isa = XCConfigurationList;
			buildConfigurations = (
				DA95D5C91C3A16E6001ED1A6 /* Debug */,
				DA95D5CA1C3A16E6001ED1A6 /* Release */,
			);
			defaultConfigurationIsVisible = 0;
			defaultConfigurationName = Release;
		};
/* End XCConfigurationList section */

/* Begin XCVersionGroup section */
		DA95D5A11C3A16E6001ED1A6 /* p2pChat.xcdatamodeld */ = {
			isa = XCVersionGroup;
			children = (
				DA95D5A21C3A16E6001ED1A6 /* p2pChat.xcdatamodel */,
			);
			currentVersion = DA95D5A21C3A16E6001ED1A6 /* p2pChat.xcdatamodel */;
			path = p2pChat.xcdatamodeld;
			sourceTree = "<group>";
			versionGroupType = wrapper.xcdatamodel;
		};
/* End XCVersionGroup section */
	};
	rootObject = DA95D58A1C3A16E6001ED1A6 /* Project object */;
}
